
Microsoft Visual Studio Solution File, Format Version 12.00
# Visual Studio 15
VisualStudioVersion = 15.0.28307.168
MinimumVisualStudioVersion = 10.0.40219.1
Project("{FAE04EC0-301F-11D3-BF4B-00C04F79EFBC}") = "BusBoard.ConsoleApp", "BusBoard.ConsoleApp\BusBoard.ConsoleApp.csproj", "{446A6CF9-D6EC-49A6-8AD1-F52E1DDA4230}"
EndProject
Project("{FAE04EC0-301F-11D3-BF4B-00C04F79EFBC}") = "WebApplication1", "WebApplication1\WebApplication1.csproj", "{9A677347-122D-4474-8A7E-99F3F99E0FBA}"
EndProject
Global
	GlobalSection(SolutionConfigurationPlatforms) = preSolution
		Debug|Any CPU = Debug|Any CPU
		Release|Any CPU = Release|Any CPU
	EndGlobalSection
	GlobalSection(ProjectConfigurationPlatforms) = postSolution
		{446A6CF9-D6EC-49A6-8AD1-F52E1DDA4230}.Debug|Any CPU.ActiveCfg = Debug|Any CPU
		{446A6CF9-D6EC-49A6-8AD1-F52E1DDA4230}.Debug|Any CPU.Build.0 = Debug|Any CPU
		{446A6CF9-D6EC-49A6-8AD1-F52E1DDA4230}.Release|Any CPU.ActiveCfg = Release|Any CPU
		{446A6CF9-D6EC-49A6-8AD1-F52E1DDA4230}.Release|Any CPU.Build.0 = Release|Any CPU
		{9A677347-122D-4474-8A7E-99F3F99E0FBA}.Debug|Any CPU.ActiveCfg = Debug|Any CPU
		{9A677347-122D-4474-8A7E-99F3F99E0FBA}.Debug|Any CPU.Build.0 = Debug|Any CPU
		{9A677347-122D-4474-8A7E-99F3F99E0FBA}.Release|Any CPU.ActiveCfg = Release|Any CPU
		{9A677347-122D-4474-8A7E-99F3F99E0FBA}.Release|Any CPU.Build.0 = Release|Any CPU
	EndGlobalSection
	GlobalSection(SolutionProperties) = preSolution
		HideSolutionNode = FALSE
	EndGlobalSection
	GlobalSection(ExtensibilityGlobals) = postSolution
		SolutionGuid = {E4A1BF9E-622F-420F-8834-EC28537E6071}
	EndGlobalSection
EndGlobal
